
Microsoft Visual Studio Solution File, Format Version 12.00
# Visual Studio Version 17
VisualStudioVersion = 17.5.002.0
MinimumVisualStudioVersion = 10.0.40219.1
Project("{9A19103F-16F7-4668-BE54-9A1E7A4F7556}") = "RockPaperScissors", "RockPaperScissors.csproj", "{48C14621-64D1-49EB-882D-2CEAA07D438F}"
EndProject
Global
	GlobalSection(SolutionConfigurationPlatforms) = preSolution
		Debug|Any CPU = Debug|Any CPU
		Release|Any CPU = Release|Any CPU
	EndGlobalSection
	GlobalSection(ProjectConfigurationPlatforms) = postSolution
		{48C14621-64D1-49EB-882D-2CEAA07D438F}.Debug|Any CPU.ActiveCfg = Debug|Any CPU
		{48C14621-64D1-49EB-882D-2CEAA07D438F}.Debug|Any CPU.Build.0 = Debug|Any CPU
		{48C14621-64D1-49EB-882D-2CEAA07D438F}.Release|Any CPU.ActiveCfg = Release|Any CPU
		{48C14621-64D1-49EB-882D-2CEAA07D438F}.Release|Any CPU.Build.0 = Release|Any CPU
	EndGlobalSection
	GlobalSection(SolutionProperties) = preSolution
		HideSolutionNode = FALSE
	EndGlobalSection
	GlobalSection(ExtensibilityGlobals) = postSolution
		SolutionGuid = {6BFCC053-E8CF-474C-B001-4CCA95BFDF69}
	EndGlobalSection
EndGlobal
